dependencies:
  espressif/esp32-camera:
    component_hash: c3eb05fbeeae884a23bed9b17d48d5f0da8872beadae0c0e747d2fbea6094f06
    dependencies: []
    source:
      registry_url: https://components.espressif.com/
      type: service
    version: 2.0.15
  espressif/esp_audio_codec:
    component_hash: 04c2f0d5eca207cdfabd3aafc50ef4bca53532115ddf7689e5cfabd00eb88b02
    dependencies:
    - name: idf
      require: private
      version: '>=4.4'
    source:
      registry_url: https://components.espressif.com/
      type: service
    version: 2.3.0
  idf:
    source:
      type: idf
    version: 5.4.1
  protocol_examples_common:
    dependencies: []
    source:
      path: C:\Espressif\frameworks\esp-idf-v5.4.1\examples\common_components\protocol_examples_common
      type: local
    version: '*'
  sepfy/libpeer:
    dependencies:
    - name: sepfy/srtp
      version: ^2.0.4
    - name: sepfy/usrsctp
      version: ^0.9.5
    source:
      path: C:\Users\MiUsuario\Desktop\cega2024\libpeer
      type: local
    version: 0.0.3
  sepfy/srtp:
    component_hash: 5a75f043e29104975e3a0191e404a957a4d9088551842e16426a5b72e14610ae
    dependencies: []
    source:
      registry_url: https://components.espressif.com/
      type: service
    version: 2.3.0
  sepfy/usrsctp:
    component_hash: e96106dd3dbb4c1da7340a7cf044a2191bb28e706586fc20d25c08d75700583b
    dependencies: []
    source:
      registry_url: https://components.espressif.com/
      type: service
    version: 0.9.5
direct_dependencies:
- espressif/esp32-camera
- espressif/esp_audio_codec
- idf
- protocol_examples_common
- sepfy/libpeer
manifest_hash: 1485043a84ef203dd67d569c3b772c97fe191ed0ae4047ccf75d0d7dd7fadeca
target: esp32
version: 2.0.0
